
Microsoft Visual Studio Solution File, Format Version 12.00
# Visual Studio Version 17
VisualStudioVersion = 17.14.36203.30 d17.14
MinimumVisualStudioVersion = 10.0.40219.1
Project("{FAE04EC0-301F-11D3-BF4B-00C04F79EFBC}") = "SurveySystem", "SurveySystem\SurveySystem.csproj", "{D27175E8-B229-41A7-A579-D0A4CBB772DB}"
EndProject
Global
	GlobalSection(SolutionConfigurationPlatforms) = preSolution
		Debug|Any CPU = Debug|Any CPU
		Release|Any CPU = Release|Any CPU
	EndGlobalSection
	GlobalSection(ProjectConfigurationPlatforms) = postSolution
		{D27175E8-B229-41A7-A579-D0A4CBB772DB}.Debug|Any CPU.ActiveCfg = Debug|Any CPU
		{D27175E8-B229-41A7-A579-D0A4CBB772DB}.Debug|Any CPU.Build.0 = Debug|Any CPU
		{D27175E8-B229-41A7-A579-D0A4CBB772DB}.Release|Any CPU.ActiveCfg = Release|Any CPU
		{D27175E8-B229-41A7-A579-D0A4CBB772DB}.Release|Any CPU.Build.0 = Release|Any CPU
	EndGlobalSection
	GlobalSection(SolutionProperties) = preSolution
		HideSolutionNode = FALSE
	EndGlobalSection
	GlobalSection(ExtensibilityGlobals) = postSolution
		SolutionGuid = {4F0ADC3D-53D8-4B67-AA4C-3F114380C3BB}
	EndGlobalSection
EndGlobal
